
Microsoft Visual Studio Solution File, Format Version 12.00
# Visual Studio 15
VisualStudioVersion = 15.0.27703.2047
MinimumVisualStudioVersion = 10.0.40219.1
Project("{8BC9CEB8-8B4A-11D0-8D11-00A0C91BC942}") = "Into to CPP Jordan L", "Into to CPP Jordan L\Into to CPP Jordan L.vcxproj", "{E455CFB7-48FE-431B-8865-92BA18873877}"
EndProject
Project("{8BC9CEB8-8B4A-11D0-8D11-00A0C91BC942}") = "Variables", "Variables\Variables.vcxproj", "{D38C6638-73EC-4166-851F-7D61AF1099EC}"
EndProject
Project("{8BC9CEB8-8B4A-11D0-8D11-00A0C91BC942}") = "Conditional Statements", "Conditionals\Conditionals.vcxproj", "{F58D5476-E67C-4314-99FD-98F2CED661DD}"
EndProject
Project("{8BC9CEB8-8B4A-11D0-8D11-00A0C91BC942}") = "Loops", "Loops\Loops.vcxproj", "{519C02B9-DD5A-4C9B-AE9C-033AFB345F53}"
EndProject
Project("{8BC9CEB8-8B4A-11D0-8D11-00A0C91BC942}") = "Arrays", "Arrays\Arrays.vcxproj", "{3AF543AB-53B6-4702-9C5E-F75889016E5A}"
EndProject
Project("{8BC9CEB8-8B4A-11D0-8D11-00A0C91BC942}") = "Character Arrays", "Character Arrays\Character Arrays.vcxproj", "{77C7FAFD-AE44-4A6C-B011-376D155EBE08}"
EndProject
Project("{8BC9CEB8-8B4A-11D0-8D11-00A0C91BC942}") = "Functions", "Functions\Functions.vcxproj", "{9787F86A-92E7-4F17-B1BB-A7221D1BB957}"
EndProject
Project("{8BC9CEB8-8B4A-11D0-8D11-00A0C91BC942}") = "Recursive Functions", "Recursive Functions\Recursive Functions.vcxproj", "{D62B815E-A691-4D59-9923-7F93C2FB6FFD}"
EndProject
Project("{8BC9CEB8-8B4A-11D0-8D11-00A0C91BC942}") = "Structures", "Structures\Structures.vcxproj", "{422027A6-600F-4151-B71C-C1A997732997}"
EndProject
Project("{8BC9CEB8-8B4A-11D0-8D11-00A0C91BC942}") = "Pointers to Memory", "Pointers to Memory\Pointers to Memory.vcxproj", "{43D2F87F-EA64-47F9-8506-A1EBAEA5F939}"
EndProject
Project("{8BC9CEB8-8B4A-11D0-8D11-00A0C91BC942}") = "Refrences", "Refrences\Refrences.vcxproj", "{635E34EB-F676-447E-B5C3-95362FB4F2A7}"
EndProject
Global
	GlobalSection(SolutionConfigurationPlatforms) = preSolution
		Debug|x64 = Debug|x64
		Debug|x86 = Debug|x86
		Release|x64 = Release|x64
		Release|x86 = Release|x86
	EndGlobalSection
	GlobalSection(ProjectConfigurationPlatforms) = postSolution
		{E455CFB7-48FE-431B-8865-92BA18873877}.Debug|x64.ActiveCfg = Debug|x64
		{E455CFB7-48FE-431B-8865-92BA18873877}.Debug|x64.Build.0 = Debug|x64
		{E455CFB7-48FE-431B-8865-92BA18873877}.Debug|x86.ActiveCfg = Debug|Win32
		{E455CFB7-48FE-431B-8865-92BA18873877}.Debug|x86.Build.0 = Debug|Win32
		{E455CFB7-48FE-431B-8865-92BA18873877}.Release|x64.ActiveCfg = Release|x64
		{E455CFB7-48FE-431B-8865-92BA18873877}.Release|x64.Build.0 = Release|x64
		{E455CFB7-48FE-431B-8865-92BA18873877}.Release|x86.ActiveCfg = Release|Win32
		{E455CFB7-48FE-431B-8865-92BA18873877}.Release|x86.Build.0 = Release|Win32
		{D38C6638-73EC-4166-851F-7D61AF1099EC}.Debug|x64.ActiveCfg = Debug|x64
		{D38C6638-73EC-4166-851F-7D61AF1099EC}.Debug|x64.Build.0 = Debug|x64
		{D38C6638-73EC-4166-851F-7D61AF1099EC}.Debug|x86.ActiveCfg = Debug|Win32
		{D38C6638-73EC-4166-851F-7D61AF1099EC}.Debug|x86.Build.0 = Debug|Win32
		{D38C6638-73EC-4166-851F-7D61AF1099EC}.Release|x64.ActiveCfg = Release|x64
		{D38C6638-73EC-4166-851F-7D61AF1099EC}.Release|x64.Build.0 = Release|x64
		{D38C6638-73EC-4166-851F-7D61AF1099EC}.Release|x86.ActiveCfg = Release|Win32
		{D38C6638-73EC-4166-851F-7D61AF1099EC}.Release|x86.Build.0 = Release|Win32
		{F58D5476-E67C-4314-99FD-98F2CED661DD}.Debug|x64.ActiveCfg = Debug|x64
		{F58D5476-E67C-4314-99FD-98F2CED661DD}.Debug|x64.Build.0 = Debug|x64
		{F58D5476-E67C-4314-99FD-98F2CED661DD}.Debug|x86.ActiveCfg = Debug|Win32
		{F58D5476-E67C-4314-99FD-98F2CED661DD}.Debug|x86.Build.0 = Debug|Win32
		{F58D5476-E67C-4314-99FD-98F2CED661DD}.Release|x64.ActiveCfg = Release|x64
		{F58D5476-E67C-4314-99FD-98F2CED661DD}.Release|x64.Build.0 = Release|x64
		{F58D5476-E67C-4314-99FD-98F2CED661DD}.Release|x86.ActiveCfg = Release|Win32
		{F58D5476-E67C-4314-99FD-98F2CED661DD}.Release|x86.Build.0 = Release|Win32
		{519C02B9-DD5A-4C9B-AE9C-033AFB345F53}.Debug|x64.ActiveCfg = Debug|x64
		{519C02B9-DD5A-4C9B-AE9C-033AFB345F53}.Debug|x64.Build.0 = Debug|x64
		{519C02B9-DD5A-4C9B-AE9C-033AFB345F53}.Debug|x86.ActiveCfg = Debug|Win32
		{519C02B9-DD5A-4C9B-AE9C-033AFB345F53}.Debug|x86.Build.0 = Debug|Win32
		{519C02B9-DD5A-4C9B-AE9C-033AFB345F53}.Release|x64.ActiveCfg = Release|x64
		{519C02B9-DD5A-4C9B-AE9C-033AFB345F53}.Release|x64.Build.0 = Release|x64
		{519C02B9-DD5A-4C9B-AE9C-033AFB345F53}.Release|x86.ActiveCfg = Release|Win32
		{519C02B9-DD5A-4C9B-AE9C-033AFB345F53}.Release|x86.Build.0 = Release|Win32
		{3AF543AB-53B6-4702-9C5E-F75889016E5A}.Debug|x64.ActiveCfg = Debug|x64
		{3AF543AB-53B6-4702-9C5E-F75889016E5A}.Debug|x64.Build.0 = Debug|x64
		{3AF543AB-53B6-4702-9C5E-F75889016E5A}.Debug|x86.ActiveCfg = Debug|Win32
		{3AF543AB-53B6-4702-9C5E-F75889016E5A}.Debug|x86.Build.0 = Debug|Win32
		{3AF543AB-53B6-4702-9C5E-F75889016E5A}.Release|x64.ActiveCfg = Release|x64
		{3AF543AB-53B6-4702-9C5E-F75889016E5A}.Release|x64.Build.0 = Release|x64
		{3AF543AB-53B6-4702-9C5E-F75889016E5A}.Release|x86.ActiveCfg = Release|Win32
		{3AF543AB-53B6-4702-9C5E-F75889016E5A}.Release|x86.Build.0 = Release|Win32
		{77C7FAFD-AE44-4A6C-B011-376D155EBE08}.Debug|x64.ActiveCfg = Debug|x64
		{77C7FAFD-AE44-4A6C-B011-376D155EBE08}.Debug|x64.Build.0 = Debug|x64
		{77C7FAFD-AE44-4A6C-B011-376D155EBE08}.Debug|x86.ActiveCfg = Debug|Win32
		{77C7FAFD-AE44-4A6C-B011-376D155EBE08}.Debug|x86.Build.0 = Debug|Win32
		{77C7FAFD-AE44-4A6C-B011-376D155EBE08}.Release|x64.ActiveCfg = Release|x64
		{77C7FAFD-AE44-4A6C-B011-376D155EBE08}.Release|x64.Build.0 = Release|x64
		{77C7FAFD-AE44-4A6C-B011-376D155EBE08}.Release|x86.ActiveCfg = Release|Win32
		{77C7FAFD-AE44-4A6C-B011-376D155EBE08}.Release|x86.Build.0 = Release|Win32
		{9787F86A-92E7-4F17-B1BB-A7221D1BB957}.Debug|x64.ActiveCfg = Debug|x64
		{9787F86A-92E7-4F17-B1BB-A7221D1BB957}.Debug|x64.Build.0 = Debug|x64
		{9787F86A-92E7-4F17-B1BB-A7221D1BB957}.Debug|x86.ActiveCfg = Debug|Win32
		{9787F86A-92E7-4F17-B1BB-A7221D1BB957}.Debug|x86.Build.0 = Debug|Win32
		{9787F86A-92E7-4F17-B1BB-A7221D1BB957}.Release|x64.ActiveCfg = Release|x64
		{9787F86A-92E7-4F17-B1BB-A7221D1BB957}.Release|x64.Build.0 = Release|x64
		{9787F86A-92E7-4F17-B1BB-A7221D1BB957}.Release|x86.ActiveCfg = Release|Win32
		{9787F86A-92E7-4F17-B1BB-A7221D1BB957}.Release|x86.Build.0 = Release|Win32
		{D62B815E-A691-4D59-9923-7F93C2FB6FFD}.Debug|x64.ActiveCfg = Debug|x64
		{D62B815E-A691-4D59-9923-7F93C2FB6FFD}.Debug|x64.Build.0 = Debug|x64
		{D62B815E-A691-4D59-9923-7F93C2FB6FFD}.Debug|x86.ActiveCfg = Debug|Win32
		{D62B815E-A691-4D59-9923-7F93C2FB6FFD}.Debug|x86.Build.0 = Debug|Win32
		{D62B815E-A691-4D59-9923-7F93C2FB6FFD}.Release|x64.ActiveCfg = Release|x64
		{D62B815E-A691-4D59-9923-7F93C2FB6FFD}.Release|x64.Build.0 = Release|x64
		{D62B815E-A691-4D59-9923-7F93C2FB6FFD}.Release|x86.ActiveCfg = Release|Win32
		{D62B815E-A691-4D59-9923-7F93C2FB6FFD}.Release|x86.Build.0 = Release|Win32
		{422027A6-600F-4151-B71C-C1A997732997}.Debug|x64.ActiveCfg = Debug|x64
		{422027A6-600F-4151-B71C-C1A997732997}.Debug|x64.Build.0 = Debug|x64
		{422027A6-600F-4151-B71C-C1A997732997}.Debug|x86.ActiveCfg = Debug|Win32
		{422027A6-600F-4151-B71C-C1A997732997}.Debug|x86.Build.0 = Debug|Win32
		{422027A6-600F-4151-B71C-C1A997732997}.Release|x64.ActiveCfg = Release|x64
		{422027A6-600F-4151-B71C-C1A997732997}.Release|x64.Build.0 = Release|x64
		{422027A6-600F-4151-B71C-C1A997732997}.Release|x86.ActiveCfg = Release|Win32
		{422027A6-600F-4151-B71C-C1A997732997}.Release|x86.Build.0 = Release|Win32
		{43D2F87F-EA64-47F9-8506-A1EBAEA5F939}.Debug|x64.ActiveCfg = Debug|x64
		{43D2F87F-EA64-47F9-8506-A1EBAEA5F939}.Debug|x64.Build.0 = Debug|x64
		{43D2F87F-EA64-47F9-8506-A1EBAEA5F939}.Debug|x86.ActiveCfg = Debug|Win32
		{43D2F87F-EA64-47F9-8506-A1EBAEA5F939}.Debug|x86.Build.0 = Debug|Win32
		{43D2F87F-EA64-47F9-8506-A1EBAEA5F939}.Release|x64.ActiveCfg = Release|x64
		{43D2F87F-EA64-47F9-8506-A1EBAEA5F939}.Release|x64.Build.0 = Release|x64
		{43D2F87F-EA64-47F9-8506-A1EBAEA5F939}.Release|x86.ActiveCfg = Release|Win32
		{43D2F87F-EA64-47F9-8506-A1EBAEA5F939}.Release|x86.Build.0 = Release|Win32
		{635E34EB-F676-447E-B5C3-95362FB4F2A7}.Debug|x64.ActiveCfg = Debug|x64
		{635E34EB-F676-447E-B5C3-95362FB4F2A7}.Debug|x64.Build.0 = Debug|x64
		{635E34EB-F676-447E-B5C3-95362FB4F2A7}.Debug|x86.ActiveCfg = Debug|Win32
		{635E34EB-F676-447E-B5C3-95362FB4F2A7}.Debug|x86.Build.0 = Debug|Win32
		{635E34EB-F676-447E-B5C3-95362FB4F2A7}.Release|x64.ActiveCfg = Release|x64
		{635E34EB-F676-447E-B5C3-95362FB4F2A7}.Release|x64.Build.0 = Release|x64
		{635E34EB-F676-447E-B5C3-95362FB4F2A7}.Release|x86.ActiveCfg = Release|Win32
		{635E34EB-F676-447E-B5C3-95362FB4F2A7}.Release|x86.Build.0 = Release|Win32
	EndGlobalSection
	GlobalSection(SolutionProperties) = preSolution
		HideSolutionNode = FALSE
	EndGlobalSection
	GlobalSection(ExtensibilityGlobals) = postSolution
		SolutionGuid = {5D37566E-ED65-4BC9-A575-A87904322473}
	EndGlobalSection
EndGlobal
